
Microsoft Visual Studio Solution File, Format Version 12.00
# Visual Studio Version 17
VisualStudioVersion = 17.0.31903.59
MinimumVisualStudioVersion = 10.0.40219.1
Project("{2150E333-8FDC-42A3-9474-1A3956D46DE8}") = "src", "src", "{827E0CD3-B72D-47B6-A68D-7590B98EB39B}"
EndProject
Project("{FAE04EC0-301F-11D3-BF4B-00C04F79EFBC}") = "CBTW.Api", "src\CBTW.Api\CBTW.Api.csproj", "{D1D2FBF7-6D7D-4861-9455-CE9179D8E50B}"
EndProject
Project("{FAE04EC0-301F-11D3-BF4B-00C04F79EFBC}") = "CBTW.Application", "src\CBTW.Application\CBTW.Application.csproj", "{3DDFBAE7-48E4-4F10-982D-A6420CD72ADC}"
EndProject
Project("{FAE04EC0-301F-11D3-BF4B-00C04F79EFBC}") = "CBTW.Domain", "src\CBTW.Domain\CBTW.Domain.csproj", "{D0BF9CF6-01CD-412C-AFB1-A91FCE3D4A49}"
EndProject
Project("{FAE04EC0-301F-11D3-BF4B-00C04F79EFBC}") = "CBTW.Infrastructure", "src\CBTW.Infrastructure\CBTW.Infrastructure.csproj", "{D8A6CD54-F63C-409F-8861-EA158BD63C49}"
EndProject
Project("{FAE04EC0-301F-11D3-BF4B-00C04F79EFBC}") = "CBTW.Api.Tests", "tests\CBTW.Api.Tests\CBTW.Api.Tests.csproj", "{B973E655-8424-4FF1-8B44-9E894D3BE3C0}"
EndProject
Project("{FAE04EC0-301F-11D3-BF4B-00C04F79EFBC}") = "CBTW.Application.Tests", "tests\CBTW.Application.Tests\CBTW.Application.Tests.csproj", "{D8C1443A-5C67-4136-83D6-705B297F591B}"
EndProject
Global
	GlobalSection(SolutionConfigurationPlatforms) = preSolution
		Debug|Any CPU = Debug|Any CPU
		Debug|x64 = Debug|x64
		Debug|x86 = Debug|x86
		Release|Any CPU = Release|Any CPU
		Release|x64 = Release|x64
		Release|x86 = Release|x86
	EndGlobalSection
	GlobalSection(ProjectConfigurationPlatforms) = postSolution
		{D1D2FBF7-6D7D-4861-9455-CE9179D8E50B}.Debug|Any CPU.ActiveCfg = Debug|Any CPU
		{D1D2FBF7-6D7D-4861-9455-CE9179D8E50B}.Debug|Any CPU.Build.0 = Debug|Any CPU
		{D1D2FBF7-6D7D-4861-9455-CE9179D8E50B}.Debug|x64.ActiveCfg = Debug|Any CPU
		{D1D2FBF7-6D7D-4861-9455-CE9179D8E50B}.Debug|x64.Build.0 = Debug|Any CPU
		{D1D2FBF7-6D7D-4861-9455-CE9179D8E50B}.Debug|x86.ActiveCfg = Debug|Any CPU
		{D1D2FBF7-6D7D-4861-9455-CE9179D8E50B}.Debug|x86.Build.0 = Debug|Any CPU
		{D1D2FBF7-6D7D-4861-9455-CE9179D8E50B}.Release|Any CPU.ActiveCfg = Release|Any CPU
		{D1D2FBF7-6D7D-4861-9455-CE9179D8E50B}.Release|Any CPU.Build.0 = Release|Any CPU
		{D1D2FBF7-6D7D-4861-9455-CE9179D8E50B}.Release|x64.ActiveCfg = Release|Any CPU
		{D1D2FBF7-6D7D-4861-9455-CE9179D8E50B}.Release|x64.Build.0 = Release|Any CPU
		{D1D2FBF7-6D7D-4861-9455-CE9179D8E50B}.Release|x86.ActiveCfg = Release|Any CPU
		{D1D2FBF7-6D7D-4861-9455-CE9179D8E50B}.Release|x86.Build.0 = Release|Any CPU
		{3DDFBAE7-48E4-4F10-982D-A6420CD72ADC}.Debug|Any CPU.ActiveCfg = Debug|Any CPU
		{3DDFBAE7-48E4-4F10-982D-A6420CD72ADC}.Debug|Any CPU.Build.0 = Debug|Any CPU
		{3DDFBAE7-48E4-4F10-982D-A6420CD72ADC}.Debug|x64.ActiveCfg = Debug|Any CPU
		{3DDFBAE7-48E4-4F10-982D-A6420CD72ADC}.Debug|x64.Build.0 = Debug|Any CPU
		{3DDFBAE7-48E4-4F10-982D-A6420CD72ADC}.Debug|x86.ActiveCfg = Debug|Any CPU
		{3DDFBAE7-48E4-4F10-982D-A6420CD72ADC}.Debug|x86.Build.0 = Debug|Any CPU
		{3DDFBAE7-48E4-4F10-982D-A6420CD72ADC}.Release|Any CPU.ActiveCfg = Release|Any CPU
		{3DDFBAE7-48E4-4F10-982D-A6420CD72ADC}.Release|Any CPU.Build.0 = Release|Any CPU
		{3DDFBAE7-48E4-4F10-982D-A6420CD72ADC}.Release|x64.ActiveCfg = Release|Any CPU
		{3DDFBAE7-48E4-4F10-982D-A6420CD72ADC}.Release|x64.Build.0 = Release|Any CPU
		{3DDFBAE7-48E4-4F10-982D-A6420CD72ADC}.Release|x86.ActiveCfg = Release|Any CPU
		{3DDFBAE7-48E4-4F10-982D-A6420CD72ADC}.Release|x86.Build.0 = Release|Any CPU
		{D0BF9CF6-01CD-412C-AFB1-A91FCE3D4A49}.Debug|Any CPU.ActiveCfg = Debug|Any CPU
		{D0BF9CF6-01CD-412C-AFB1-A91FCE3D4A49}.Debug|Any CPU.Build.0 = Debug|Any CPU
		{D0BF9CF6-01CD-412C-AFB1-A91FCE3D4A49}.Debug|x64.ActiveCfg = Debug|Any CPU
		{D0BF9CF6-01CD-412C-AFB1-A91FCE3D4A49}.Debug|x64.Build.0 = Debug|Any CPU
		{D0BF9CF6-01CD-412C-AFB1-A91FCE3D4A49}.Debug|x86.ActiveCfg = Debug|Any CPU
		{D0BF9CF6-01CD-412C-AFB1-A91FCE3D4A49}.Debug|x86.Build.0 = Debug|Any CPU
		{D0BF9CF6-01CD-412C-AFB1-A91FCE3D4A49}.Release|Any CPU.ActiveCfg = Release|Any CPU
		{D0BF9CF6-01CD-412C-AFB1-A91FCE3D4A49}.Release|Any CPU.Build.0 = Release|Any CPU
		{D0BF9CF6-01CD-412C-AFB1-A91FCE3D4A49}.Release|x64.ActiveCfg = Release|Any CPU
		{D0BF9CF6-01CD-412C-AFB1-A91FCE3D4A49}.Release|x64.Build.0 = Release|Any CPU
		{D0BF9CF6-01CD-412C-AFB1-A91FCE3D4A49}.Release|x86.ActiveCfg = Release|Any CPU
		{D0BF9CF6-01CD-412C-AFB1-A91FCE3D4A49}.Release|x86.Build.0 = Release|Any CPU
		{D8A6CD54-F63C-409F-8861-EA158BD63C49}.Debug|Any CPU.ActiveCfg = Debug|Any CPU
		{D8A6CD54-F63C-409F-8861-EA158BD63C49}.Debug|Any CPU.Build.0 = Debug|Any CPU
		{D8A6CD54-F63C-409F-8861-EA158BD63C49}.Debug|x64.ActiveCfg = Debug|Any CPU
		{D8A6CD54-F63C-409F-8861-EA158BD63C49}.Debug|x64.Build.0 = Debug|Any CPU
		{D8A6CD54-F63C-409F-8861-EA158BD63C49}.Debug|x86.ActiveCfg = Debug|Any CPU
		{D8A6CD54-F63C-409F-8861-EA158BD63C49}.Debug|x86.Build.0 = Debug|Any CPU
		{D8A6CD54-F63C-409F-8861-EA158BD63C49}.Release|Any CPU.ActiveCfg = Release|Any CPU
		{D8A6CD54-F63C-409F-8861-EA158BD63C49}.Release|Any CPU.Build.0 = Release|Any CPU
		{D8A6CD54-F63C-409F-8861-EA158BD63C49}.Release|x64.ActiveCfg = Release|Any CPU
		{D8A6CD54-F63C-409F-8861-EA158BD63C49}.Release|x64.Build.0 = Release|Any CPU
		{D8A6CD54-F63C-409F-8861-EA158BD63C49}.Release|x86.ActiveCfg = Release|Any CPU
		{D8A6CD54-F63C-409F-8861-EA158BD63C49}.Release|x86.Build.0 = Release|Any CPU
		{B973E655-8424-4FF1-8B44-9E894D3BE3C0}.Debug|Any CPU.ActiveCfg = Debug|Any CPU
		{B973E655-8424-4FF1-8B44-9E894D3BE3C0}.Debug|Any CPU.Build.0 = Debug|Any CPU
		{B973E655-8424-4FF1-8B44-9E894D3BE3C0}.Debug|x64.ActiveCfg = Debug|Any CPU
		{B973E655-8424-4FF1-8B44-9E894D3BE3C0}.Debug|x64.Build.0 = Debug|Any CPU
		{B973E655-8424-4FF1-8B44-9E894D3BE3C0}.Debug|x86.ActiveCfg = Debug|Any CPU
		{B973E655-8424-4FF1-8B44-9E894D3BE3C0}.Debug|x86.Build.0 = Debug|Any CPU
		{B973E655-8424-4FF1-8B44-9E894D3BE3C0}.Release|Any CPU.ActiveCfg = Release|Any CPU
		{B973E655-8424-4FF1-8B44-9E894D3BE3C0}.Release|Any CPU.Build.0 = Release|Any CPU
		{B973E655-8424-4FF1-8B44-9E894D3BE3C0}.Release|x64.ActiveCfg = Release|Any CPU
		{B973E655-8424-4FF1-8B44-9E894D3BE3C0}.Release|x64.Build.0 = Release|Any CPU
		{B973E655-8424-4FF1-8B44-9E894D3BE3C0}.Release|x86.ActiveCfg = Release|Any CPU
		{B973E655-8424-4FF1-8B44-9E894D3BE3C0}.Release|x86.Build.0 = Release|Any CPU
		{D8C1443A-5C67-4136-83D6-705B297F591B}.Debug|Any CPU.ActiveCfg = Debug|Any CPU
		{D8C1443A-5C67-4136-83D6-705B297F591B}.Debug|Any CPU.Build.0 = Debug|Any CPU
		{D8C1443A-5C67-4136-83D6-705B297F591B}.Debug|x64.ActiveCfg = Debug|Any CPU
		{D8C1443A-5C67-4136-83D6-705B297F591B}.Debug|x64.Build.0 = Debug|Any CPU
		{D8C1443A-5C67-4136-83D6-705B297F591B}.Debug|x86.ActiveCfg = Debug|Any CPU
		{D8C1443A-5C67-4136-83D6-705B297F591B}.Debug|x86.Build.0 = Debug|Any CPU
		{D8C1443A-5C67-4136-83D6-705B297F591B}.Release|Any CPU.ActiveCfg = Release|Any CPU
		{D8C1443A-5C67-4136-83D6-705B297F591B}.Release|Any CPU.Build.0 = Release|Any CPU
		{D8C1443A-5C67-4136-83D6-705B297F591B}.Release|x64.ActiveCfg = Release|Any CPU
		{D8C1443A-5C67-4136-83D6-705B297F591B}.Release|x64.Build.0 = Release|Any CPU
		{D8C1443A-5C67-4136-83D6-705B297F591B}.Release|x86.ActiveCfg = Release|Any CPU
		{D8C1443A-5C67-4136-83D6-705B297F591B}.Release|x86.Build.0 = Release|Any CPU
	EndGlobalSection
	GlobalSection(SolutionProperties) = preSolution
		HideSolutionNode = FALSE
	EndGlobalSection
	GlobalSection(NestedProjects) = preSolution
		{D1D2FBF7-6D7D-4861-9455-CE9179D8E50B} = {827E0CD3-B72D-47B6-A68D-7590B98EB39B}
		{3DDFBAE7-48E4-4F10-982D-A6420CD72ADC} = {827E0CD3-B72D-47B6-A68D-7590B98EB39B}
		{D0BF9CF6-01CD-412C-AFB1-A91FCE3D4A49} = {827E0CD3-B72D-47B6-A68D-7590B98EB39B}
		{D8A6CD54-F63C-409F-8861-EA158BD63C49} = {827E0CD3-B72D-47B6-A68D-7590B98EB39B}
		{B973E655-8424-4FF1-8B44-9E894D3BE3C0} = {827E0CD3-B72D-47B6-A68D-7590B98EB39B}
		{D8C1443A-5C67-4136-83D6-705B297F591B} = {827E0CD3-B72D-47B6-A68D-7590B98EB39B}
	EndGlobalSection
EndGlobal
